
Microsoft Visual Studio Solution File, Format Version 12.00
# Visual Studio Version 17
VisualStudioVersion = 17.4.33205.214
MinimumVisualStudioVersion = 10.0.40219.1
Project("{FAE04EC0-301F-11D3-BF4B-00C04F79EFBC}") = "Playground-Arcade", "Playground-Arcade\Playground-Arcade.csproj", "{A97F41DD-E925-4A15-9DD9-DF2475A0BCDE}"
EndProject
Global
	GlobalSection(SolutionConfigurationPlatforms) = preSolution
		Debug|Any CPU = Debug|Any CPU
		Release|Any CPU = Release|Any CPU
	EndGlobalSection
	GlobalSection(ProjectConfigurationPlatforms) = postSolution
		{A97F41DD-E925-4A15-9DD9-DF2475A0BCDE}.Debug|Any CPU.ActiveCfg = Debug|Any CPU
		{A97F41DD-E925-4A15-9DD9-DF2475A0BCDE}.Debug|Any CPU.Build.0 = Debug|Any CPU
		{A97F41DD-E925-4A15-9DD9-DF2475A0BCDE}.Release|Any CPU.ActiveCfg = Release|Any CPU
		{A97F41DD-E925-4A15-9DD9-DF2475A0BCDE}.Release|Any CPU.Build.0 = Release|Any CPU
	EndGlobalSection
	GlobalSection(SolutionProperties) = preSolution
		HideSolutionNode = FALSE
	EndGlobalSection
	GlobalSection(ExtensibilityGlobals) = postSolution
		SolutionGuid = {7C8EF9F6-82D7-4313-A21A-BDCD52A0E896}
	EndGlobalSection
EndGlobal
